// !$*UTF8*$!
{
	archiveVersion = 1;
	classes = {
	};
	objectVersion = 56;
	objects = {

/* Begin PBXBuildFile section */
		0e35ff4c341649489f43da96d0436d05 /* SettingsView.swift in Sources */ = {isa = PBXBuildFile; fileRef = 77ac7266283a409d912a674b22c6964a /* SettingsView.swift */; };
		1122334455667788990011223344556677 /* SoundPreset.swift in Sources */ = {isa = PBXBuildFile; fileRef = aa07bb08cc09dd10ee11ff12aa13bb14 /* SoundPreset.swift */; };
		155173322FA39C0B00620D61 /* Localizable.xcstrings in Resources */ = {isa = PBXBuildFile; fileRef = 155173312FA39C0B00620D61 /* Localizable.xcstrings */; };
		15A4D5892FA3450E009AE407 /* FluidMenuBarExtra in Frameworks */ = {isa = PBXBuildFile; productRef = a91f2d3c4b5e6f708192a3b4c5d6e7f1 /* FluidMenuBarExtra */; };
		15A4D5B32FA3481A009AE407 /* train_ride.m4a in Resources */ = {isa = PBXBuildFile; fileRef = 15A4D5AF2FA3481A009AE407 /* train_ride.m4a */; };
		15A4D5B42FA3481A009AE407 /* ocean_waves.m4a in Resources */ = {isa = PBXBuildFile; fileRef = 15A4D5AB2FA3481A009AE407 /* ocean_waves.m4a */; };
		15A4D5B52FA3481A009AE407 /* thunderstorm.m4a in Resources */ = {isa = PBXBuildFile; fileRef = 15A4D5AE2FA3481A009AE407 /* thunderstorm.m4a */; };
		15A4D5B62FA3481A009AE407 /* fireplace.m4a in Resources */ = {isa = PBXBuildFile; fileRef = 15A4D5A92FA3481A009AE407 /* fireplace.m4a */; };
		15A4D5B82FA3481A009AE407 /* forest.m4a in Resources */ = {isa = PBXBuildFile; fileRef = 15A4D5AA2FA3481A009AE407 /* forest.m4a */; };
		15A4D5B92FA3481A009AE407 /* city_rain.m4a in Resources */ = {isa = PBXBuildFile; fileRef = 15A4D5A62FA3481A009AE407 /* city_rain.m4a */; };
		15A4D5BA2FA3481A009AE407 /* coffee_shop.m4a in Resources */ = {isa = PBXBuildFile; fileRef = 15A4D5A72FA3481A009AE407 /* coffee_shop.m4a */; };
		15A4D5BB2FA3481A009AE407 /* pink_noise.m4a in Resources */ = {isa = PBXBuildFile; fileRef = 15A4D5AC2FA3481A009AE407 /* pink_noise.m4a */; };
		15A4D5BC2FA3481A009AE407 /* fan_noise.m4a in Resources */ = {isa = PBXBuildFile; fileRef = 15A4D5A82FA3481A009AE407 /* fan_noise.m4a */; };
		15A4D5BD2FA3481A009AE407 /* rain_window.m4a in Resources */ = {isa = PBXBuildFile; fileRef = 15A4D5AD2FA3481A009AE407 /* rain_window.m4a */; };
		15A4D5CE2FA37DAC009AE407 /* tram_ride.m4a in Resources */ = {isa = PBXBuildFile; fileRef = 15A4D5CD2FA37DAC009AE407 /* tram_ride.m4a */; };
		15A4D5CF2FA37DAC009AE407 /* cafe.m4a in Resources */ = {isa = PBXBuildFile; fileRef = 15A4D5CB2FA37DAC009AE407 /* cafe.m4a */; };
		15A4D5D02FA37DAC009AE407 /* city_traffic.m4a in Resources */ = {isa = PBXBuildFile; fileRef = 15A4D5CC2FA37DAC009AE407 /* city_traffic.m4a */; };
		15A4D5D32FA38E7C009AE407 /* buiding_noize.m4a in Resources */ = {isa = PBXBuildFile; fileRef = 15A4D5D22FA38E7C009AE407 /* buiding_noize.m4a */; };
		15A4D5D52FA39377009AE407 /* CHANGELOG.md in Resources */ = {isa = PBXBuildFile; fileRef = 15A4D5D42FA39377009AE407 /* CHANGELOG.md */; };
		1fa5b3eea075456a8481957f7fe247b6 /* SoundMixerViewModel.swift in Sources */ = {isa = PBXBuildFile; fileRef = 1f533ed5834749adaf3b3209ab892d0a /* SoundMixerViewModel.swift */; };
		37e2131de5bf43ffaa2e374dfa35ae66 /* HeaderView.swift in Sources */ = {isa = PBXBuildFile; fileRef = ac697066349f4f28accf91ca56982c76 /* HeaderView.swift */; };
		3bd70a1e87604fa381b3697ab6677b52 /* SoundCategory.swift in Sources */ = {isa = PBXBuildFile; fileRef = 7ae367701aba413bb6c432954bcc6999 /* SoundCategory.swift */; };
		439c4e484661493fb7cbd3f404ceb137 /* AboutView.swift in Sources */ = {isa = PBXBuildFile; fileRef = 515a284c11474fd1b792dd6b4f811063 /* AboutView.swift */; };
		6084c9647e8a42569a9c432f1714e115 /* AudioEngineService.swift in Sources */ = {isa = PBXBuildFile; fileRef = 669a6196f65c496bbe6a11533db41d6a /* AudioEngineService.swift */; };
		75c35287aaa34d679eba7244d03aa52c /* SoundRowView.swift in Sources */ = {isa = PBXBuildFile; fileRef = d04c56bffce740ceabfb81b928ae4c78 /* SoundRowView.swift */; };
		7932c2d1b6d74ad6ac3c51fb758d535b /* HushApp.swift in Sources */ = {isa = PBXBuildFile; fileRef = 7a04714ee32c485fa74adcd967beae15 /* HushApp.swift */; };
		a3cf945c6d5e48e29b4b5677d21574da /* Sound.swift in Sources */ = {isa = PBXBuildFile; fileRef = 090fe098844b450f9d2fa0208f4f6345 /* Sound.swift */; };
		bc721aefb25e49fc87eea460d81333fd /* TimerView.swift in Sources */ = {isa = PBXBuildFile; fileRef = 2ce9744765eb44aaa8ee630addc599be /* TimerView.swift */; };
		c4c482d5fced491597e0053589765f40 /* CategorySectionView.swift in Sources */ = {isa = PBXBuildFile; fileRef = e2160cc05dff427884da15f098dfa468 /* CategorySectionView.swift */; };
		cc03dd04ee05ff06aa07bb08cc09dd10 /* ExpandableView.swift in Sources */ = {isa = PBXBuildFile; fileRef = aa01bb02cc03dd04ee05ff06aa07bb08 /* ExpandableView.swift */; };
		d9210b4c5e6f4839b2c3d4e5f6789012 /* HushMenuBarGlyphSync.swift in Sources */ = {isa = PBXBuildFile; fileRef = c8129a3b4f5d4728a1b2c3d4e5f67890 /* HushMenuBarGlyphSync.swift */; };
		db0415e7b87f47cf8200052c1b636fcc /* PopoverRootView.swift in Sources */ = {isa = PBXBuildFile; fileRef = 5a5b5d2418fb46a490181c71cbac40ab /* PopoverRootView.swift */; };
		dd04ee05ff06aa07bb08cc09dd10ee11 /* AboutWindowManager.swift in Sources */ = {isa = PBXBuildFile; fileRef = bb02cc03dd04ee05ff06aa07bb08cc09 /* AboutWindowManager.swift */; };
		e06bd12e882249ebb77a6ab2e3fdad71 /* Assets.xcassets in Resources */ = {isa = PBXBuildFile; fileRef = 6bb4dcfe6b784ff9ac0fb0a2ec374748 /* Assets.xcassets */; };
		ee05ff06aa07bb08cc09dd10ee11ff12 /* PresetsView.swift in Sources */ = {isa = PBXBuildFile; fileRef = ff06aa07bb08cc09dd10ee11ff12aa13 /* PresetsView.swift */; };
		f1e2d3c4b5a6978869504132 /* MarkdownView in Frameworks */ = {isa = PBXBuildFile; productRef = f1e2d3c4b5a6978869504131 /* MarkdownView */; };
/* End PBXBuildFile section */

/* Begin PBXFileReference section */
		090fe098844b450f9d2fa0208f4f6345 /* Sound.swift */ = {isa = PBXFileReference; lastKnownFileType = sourcecode.swift; path = Sound.swift; sourceTree = "<group>"; };
		155173312FA39C0B00620D61 /* Localizable.xcstrings */ = {isa = PBXFileReference; lastKnownFileType = text.json.xcstrings; path = Localizable.xcstrings; sourceTree = "<group>"; };
		15A4D5A62FA3481A009AE407 /* city_rain.m4a */ = {isa = PBXFileReference; lastKnownFileType = file; path = city_rain.m4a; sourceTree = "<group>"; };
		15A4D5A72FA3481A009AE407 /* coffee_shop.m4a */ = {isa = PBXFileReference; lastKnownFileType = file; path = coffee_shop.m4a; sourceTree = "<group>"; };
		15A4D5A82FA3481A009AE407 /* fan_noise.m4a */ = {isa = PBXFileReference; lastKnownFileType = file; path = fan_noise.m4a; sourceTree = "<group>"; };
		15A4D5A92FA3481A009AE407 /* fireplace.m4a */ = {isa = PBXFileReference; lastKnownFileType = file; path = fireplace.m4a; sourceTree = "<group>"; };
		15A4D5AA2FA3481A009AE407 /* forest.m4a */ = {isa = PBXFileReference; lastKnownFileType = file; path = forest.m4a; sourceTree = "<group>"; };
		15A4D5AB2FA3481A009AE407 /* ocean_waves.m4a */ = {isa = PBXFileReference; lastKnownFileType = file; path = ocean_waves.m4a; sourceTree = "<group>"; };
		15A4D5AC2FA3481A009AE407 /* pink_noise.m4a */ = {isa = PBXFileReference; lastKnownFileType = file; path = pink_noise.m4a; sourceTree = "<group>"; };
		15A4D5AD2FA3481A009AE407 /* rain_window.m4a */ = {isa = PBXFileReference; lastKnownFileType = file; path = rain_window.m4a; sourceTree = "<group>"; };
		15A4D5AE2FA3481A009AE407 /* thunderstorm.m4a */ = {isa = PBXFileReference; lastKnownFileType = file; path = thunderstorm.m4a; sourceTree = "<group>"; };
		15A4D5AF2FA3481A009AE407 /* train_ride.m4a */ = {isa = PBXFileReference; lastKnownFileType = file; path = train_ride.m4a; sourceTree = "<group>"; };
		15A4D5CB2FA37DAC009AE407 /* cafe.m4a */ = {isa = PBXFileReference; lastKnownFileType = file; path = cafe.m4a; sourceTree = "<group>"; };
		15A4D5CC2FA37DAC009AE407 /* city_traffic.m4a */ = {isa = PBXFileReference; lastKnownFileType = file; path = city_traffic.m4a; sourceTree = "<group>"; };
		15A4D5CD2FA37DAC009AE407 /* tram_ride.m4a */ = {isa = PBXFileReference; lastKnownFileType = file; path = tram_ride.m4a; sourceTree = "<group>"; };
		15A4D5D22FA38E7C009AE407 /* buiding_noize.m4a */ = {isa = PBXFileReference; lastKnownFileType = file; path = buiding_noize.m4a; sourceTree = "<group>"; };
		15A4D5D42FA39377009AE407 /* CHANGELOG.md */ = {isa = PBXFileReference; lastKnownFileType = net.daringfireball.markdown; path = CHANGELOG.md; sourceTree = "<group>"; };
		18fb8751e4de475d8ed940611d74d38f /* Hush.app */ = {isa = PBXFileReference; explicitFileType = wrapper.application; includeInIndex = 0; path = Hush.app; sourceTree = BUILT_PRODUCTS_DIR; };
		1f533ed5834749adaf3b3209ab892d0a /* SoundMixerViewModel.swift */ = {isa = PBXFileReference; lastKnownFileType = sourcecode.swift; path = SoundMixerViewModel.swift; sourceTree = "<group>"; };
		29cd63139a6a41808f9ce11a355ea5e3 /* HushApp.entitlements */ = {isa = PBXFileReference; lastKnownFileType = text.plist.entitlements; path = HushApp.entitlements; sourceTree = "<group>"; };
		2ce9744765eb44aaa8ee630addc599be /* TimerView.swift */ = {isa = PBXFileReference; lastKnownFileType = sourcecode.swift; path = TimerView.swift; sourceTree = "<group>"; };
		515a284c11474fd1b792dd6b4f811063 /* AboutView.swift */ = {isa = PBXFileReference; lastKnownFileType = sourcecode.swift; path = AboutView.swift; sourceTree = "<group>"; };
		5a5b5d2418fb46a490181c71cbac40ab /* PopoverRootView.swift */ = {isa = PBXFileReference; lastKnownFileType = sourcecode.swift; path = PopoverRootView.swift; sourceTree = "<group>"; };
		5eb5adc0ca2e4a13ab052fa767d99497 /* Info.plist */ = {isa = PBXFileReference; lastKnownFileType = text.plist.xml; path = Info.plist; sourceTree = "<group>"; };
		669a6196f65c496bbe6a11533db41d6a /* AudioEngineService.swift */ = {isa = PBXFileReference; lastKnownFileType = sourcecode.swift; path = AudioEngineService.swift; sourceTree = "<group>"; };
		6bb4dcfe6b784ff9ac0fb0a2ec374748 /* Assets.xcassets */ = {isa = PBXFileReference; lastKnownFileType = folder.assetcatalog; path = Assets.xcassets; sourceTree = "<group>"; };
		77ac7266283a409d912a674b22c6964a /* SettingsView.swift */ = {isa = PBXFileReference; lastKnownFileType = sourcecode.swift; path = SettingsView.swift; sourceTree = "<group>"; };
		7a04714ee32c485fa74adcd967beae15 /* HushApp.swift */ = {isa = PBXFileReference; lastKnownFileType = sourcecode.swift; path = HushApp.swift; sourceTree = "<group>"; };
		7ae367701aba413bb6c432954bcc6999 /* SoundCategory.swift */ = {isa = PBXFileReference; lastKnownFileType = sourcecode.swift; path = SoundCategory.swift; sourceTree = "<group>"; };
		aa01bb02cc03dd04ee05ff06aa07bb08 /* ExpandableView.swift */ = {isa = PBXFileReference; lastKnownFileType = sourcecode.swift; path = ExpandableView.swift; sourceTree = "<group>"; };
		aa07bb08cc09dd10ee11ff12aa13bb14 /* SoundPreset.swift */ = {isa = PBXFileReference; lastKnownFileType = sourcecode.swift; path = SoundPreset.swift; sourceTree = "<group>"; };
		ac697066349f4f28accf91ca56982c76 /* HeaderView.swift */ = {isa = PBXFileReference; lastKnownFileType = sourcecode.swift; path = HeaderView.swift; sourceTree = "<group>"; };
		bb02cc03dd04ee05ff06aa07bb08cc09 /* AboutWindowManager.swift */ = {isa = PBXFileReference; lastKnownFileType = sourcecode.swift; path = AboutWindowManager.swift; sourceTree = "<group>"; };
		c8129a3b4f5d4728a1b2c3d4e5f67890 /* HushMenuBarGlyphSync.swift */ = {isa = PBXFileReference; lastKnownFileType = sourcecode.swift; path = HushMenuBarGlyphSync.swift; sourceTree = "<group>"; };
		d04c56bffce740ceabfb81b928ae4c78 /* SoundRowView.swift */ = {isa = PBXFileReference; lastKnownFileType = sourcecode.swift; path = SoundRowView.swift; sourceTree = "<group>"; };
		e2160cc05dff427884da15f098dfa468 /* CategorySectionView.swift */ = {isa = PBXFileReference; lastKnownFileType = sourcecode.swift; path = CategorySectionView.swift; sourceTree = "<group>"; };
		ff06aa07bb08cc09dd10ee11ff12aa13 /* PresetsView.swift */ = {isa = PBXFileReference; lastKnownFileType = sourcecode.swift; path = PresetsView.swift; sourceTree = "<group>"; };
/* End PBXFileReference section */

/* Begin PBXFrameworksBuildPhase section */
		53425bf4a34e4b8da35fcfce952a1cd8 /* Frameworks */ = {
			isa = PBXFrameworksBuildPhase;
			buildActionMask = 2147483647;
			files = (
				15A4D5892FA3450E009AE407 /* FluidMenuBarExtra in Frameworks */,
				f1e2d3c4b5a6978869504132 /* MarkdownView in Frameworks */,
			);
			runOnlyForDeploymentPostprocessing = 0;
		};
/* End PBXFrameworksBuildPhase section */

/* Begin PBXGroup section */
		0858aa9fa08e4e19adf9feb3e3cca1ed /* Models */ = {
			isa = PBXGroup;
			children = (
				090fe098844b450f9d2fa0208f4f6345 /* Sound.swift */,
				7ae367701aba413bb6c432954bcc6999 /* SoundCategory.swift */,
				aa07bb08cc09dd10ee11ff12aa13bb14 /* SoundPreset.swift */,
			);
			path = Models;
			sourceTree = "<group>";
		};
		14bb64880b0c45cfa5903b3959c4054b /* Products */ = {
			isa = PBXGroup;
			children = (
				18fb8751e4de475d8ed940611d74d38f /* Hush.app */,
			);
			name = Products;
			sourceTree = "<group>";
		};
		155173332FA3B3D700620D61 /* Home */ = {
			isa = PBXGroup;
			children = (
				5a5b5d2418fb46a490181c71cbac40ab /* PopoverRootView.swift */,
				ac697066349f4f28accf91ca56982c76 /* HeaderView.swift */,
				e2160cc05dff427884da15f098dfa468 /* CategorySectionView.swift */,
				ff06aa07bb08cc09dd10ee11ff12aa13 /* PresetsView.swift */,
				2ce9744765eb44aaa8ee630addc599be /* TimerView.swift */,
				d04c56bffce740ceabfb81b928ae4c78 /* SoundRowView.swift */,
			);
			path = Home;
			sourceTree = "<group>";
		};
		155173342FA3B41500620D61 /* Settings */ = {
			isa = PBXGroup;
			children = (
				77ac7266283a409d912a674b22c6964a /* SettingsView.swift */,
			);
			path = Settings;
			sourceTree = "<group>";
		};
		155173352FA3B41C00620D61 /* About */ = {
			isa = PBXGroup;
			children = (
				515a284c11474fd1b792dd6b4f811063 /* AboutView.swift */,
			);
			path = About;
			sourceTree = "<group>";
		};
		15A4D5B12FA3481A009AE407 /* Audio */ = {
			isa = PBXGroup;
			children = (
				15A4D5CB2FA37DAC009AE407 /* cafe.m4a */,
				15A4D5CC2FA37DAC009AE407 /* city_traffic.m4a */,
				15A4D5CD2FA37DAC009AE407 /* tram_ride.m4a */,
				15A4D5D22FA38E7C009AE407 /* buiding_noize.m4a */,
				15A4D5A62FA3481A009AE407 /* city_rain.m4a */,
				15A4D5A72FA3481A009AE407 /* coffee_shop.m4a */,
				15A4D5A82FA3481A009AE407 /* fan_noise.m4a */,
				15A4D5A92FA3481A009AE407 /* fireplace.m4a */,
				15A4D5AA2FA3481A009AE407 /* forest.m4a */,
				15A4D5AB2FA3481A009AE407 /* ocean_waves.m4a */,
				15A4D5AC2FA3481A009AE407 /* pink_noise.m4a */,
				15A4D5AD2FA3481A009AE407 /* rain_window.m4a */,
				15A4D5AE2FA3481A009AE407 /* thunderstorm.m4a */,
				15A4D5AF2FA3481A009AE407 /* train_ride.m4a */,
			);
			path = Audio;
			sourceTree = "<group>";
		};
		15A4D5D12FA37EC1009AE407 /* Components */ = {
			isa = PBXGroup;
			children = (
				aa01bb02cc03dd04ee05ff06aa07bb08 /* ExpandableView.swift */,
			);
			path = Components;
			sourceTree = "<group>";
		};
		168b172c802a434c9a3bd7acc1c94623 /* Hush */ = {
			isa = PBXGroup;
			children = (
				7a04714ee32c485fa74adcd967beae15 /* HushApp.swift */,
				0858aa9fa08e4e19adf9feb3e3cca1ed /* Models */,
				ee595195b52b472f9f9df25b16419370 /* ViewModels */,
				252eb100371d4ee28f34c86a2d83188e /* Services */,
				59604b40e04048928145ffe2c73d85ef /* Views */,
				245177d90f574ad2891885e35259a1a4 /* Resources */,
				6bb4dcfe6b784ff9ac0fb0a2ec374748 /* Assets.xcassets */,
				5eb5adc0ca2e4a13ab052fa767d99497 /* Info.plist */,
				29cd63139a6a41808f9ce11a355ea5e3 /* HushApp.entitlements */,
			);
			path = Hush;
			sourceTree = "<group>";
		};
		245177d90f574ad2891885e35259a1a4 /* Resources */ = {
			isa = PBXGroup;
			children = (
				15A4D5D42FA39377009AE407 /* CHANGELOG.md */,
				15A4D5B12FA3481A009AE407 /* Audio */,
				155173312FA39C0B00620D61 /* Localizable.xcstrings */,
			);
			path = Resources;
			sourceTree = "<group>";
		};
		252eb100371d4ee28f34c86a2d83188e /* Services */ = {
			isa = PBXGroup;
			children = (
				669a6196f65c496bbe6a11533db41d6a /* AudioEngineService.swift */,
				c8129a3b4f5d4728a1b2c3d4e5f67890 /* HushMenuBarGlyphSync.swift */,
				bb02cc03dd04ee05ff06aa07bb08cc09 /* AboutWindowManager.swift */,
			);
			path = Services;
			sourceTree = "<group>";
		};
		59604b40e04048928145ffe2c73d85ef /* Views */ = {
			isa = PBXGroup;
			children = (
				155173332FA3B3D700620D61 /* Home */,
				155173342FA3B41500620D61 /* Settings */,
				155173352FA3B41C00620D61 /* About */,
				15A4D5D12FA37EC1009AE407 /* Components */,
			);
			path = Views;
			sourceTree = "<group>";
		};
		6047fb5979bd4459b269fbef76057b8c = {
			isa = PBXGroup;
			children = (
				168b172c802a434c9a3bd7acc1c94623 /* Hush */,
				14bb64880b0c45cfa5903b3959c4054b /* Products */,
			);
			sourceTree = "<group>";
		};
		ee595195b52b472f9f9df25b16419370 /* ViewModels */ = {
			isa = PBXGroup;
			children = (
				1f533ed5834749adaf3b3209ab892d0a /* SoundMixerViewModel.swift */,
			);
			path = ViewModels;
			sourceTree = "<group>";
		};
/* End PBXGroup section */

/* Begin PBXNativeTarget section */
		d92bb8bec962449fbaad291806cf9481 /* Hush */ = {
			isa = PBXNativeTarget;
			buildConfigurationList = 05427611991d46a4bb166850755b15cb /* Build configuration list for PBXNativeTarget "Hush" */;
			buildPhases = (
				6e68622680424572bf25678d3cc88614 /* Sources */,
				53425bf4a34e4b8da35fcfce952a1cd8 /* Frameworks */,
				6edcf5079f644147892ec9ce8dd675d3 /* Resources */,
			);
			buildRules = (
			);
			dependencies = (
			);
			name = Hush;
			packageProductDependencies = (
				a91f2d3c4b5e6f708192a3b4c5d6e7f1 /* FluidMenuBarExtra */,
				f1e2d3c4b5a6978869504131 /* MarkdownView */,
			);
			productName = Hush;
			productReference = 18fb8751e4de475d8ed940611d74d38f /* Hush.app */;
			productType = "com.apple.product-type.application";
		};
/* End PBXNativeTarget section */

/* Begin PBXProject section */
		bf2cb62903c64a549e10780a8df0d5b9 /* Project object */ = {
			isa = PBXProject;
			attributes = {
				BuildIndependentTargetsInParallel = 1;
				LastSwiftUpdateCheck = 1500;
				LastUpgradeCheck = 1500;
				TargetAttributes = {
					d92bb8bec962449fbaad291806cf9481 = {
						CreatedOnToolsVersion = 15.0;
					};
				};
			};
			buildConfigurationList = 40a127a65a7c4f6f99fc562814e27181 /* Build configuration list for PBXProject "Hush" */;
			compatibilityVersion = "Xcode 14.0";
			developmentRegion = en;
			hasScannedForEncodings = 0;
			knownRegions = (
				en,
				Base,
				uk,
			);
			mainGroup = 6047fb5979bd4459b269fbef76057b8c;
			packageReferences = (
				a91f2d3c4b5e6f708192a3b4c5d6e7f0 /* XCRemoteSwiftPackageReference "FluidMenuBarExtra" */,
				f1e2d3c4b5a6978869504130 /* XCRemoteSwiftPackageReference "MarkdownView" */,
			);
			productRefGroup = 14bb64880b0c45cfa5903b3959c4054b /* Products */;
			projectDirPath = "";
			projectRoot = "";
			targets = (
				d92bb8bec962449fbaad291806cf9481 /* Hush */,
			);
		};
/* End PBXProject section */

/* Begin PBXResourcesBuildPhase section */
		6edcf5079f644147892ec9ce8dd675d3 /* Resources */ = {
			isa = PBXResourcesBuildPhase;
			buildActionMask = 2147483647;
			files = (
				15A4D5CE2FA37DAC009AE407 /* tram_ride.m4a in Resources */,
				155173322FA39C0B00620D61 /* Localizable.xcstrings in Resources */,
				15A4D5CF2FA37DAC009AE407 /* cafe.m4a in Resources */,
				15A4D5D02FA37DAC009AE407 /* city_traffic.m4a in Resources */,
				15A4D5D52FA39377009AE407 /* CHANGELOG.md in Resources */,
				15A4D5B32FA3481A009AE407 /* train_ride.m4a in Resources */,
				15A4D5B42FA3481A009AE407 /* ocean_waves.m4a in Resources */,
				15A4D5B52FA3481A009AE407 /* thunderstorm.m4a in Resources */,
				15A4D5B62FA3481A009AE407 /* fireplace.m4a in Resources */,
				15A4D5D32FA38E7C009AE407 /* buiding_noize.m4a in Resources */,
				15A4D5B82FA3481A009AE407 /* forest.m4a in Resources */,
				15A4D5B92FA3481A009AE407 /* city_rain.m4a in Resources */,
				15A4D5BA2FA3481A009AE407 /* coffee_shop.m4a in Resources */,
				15A4D5BB2FA3481A009AE407 /* pink_noise.m4a in Resources */,
				15A4D5BC2FA3481A009AE407 /* fan_noise.m4a in Resources */,
				15A4D5BD2FA3481A009AE407 /* rain_window.m4a in Resources */,
				e06bd12e882249ebb77a6ab2e3fdad71 /* Assets.xcassets in Resources */,
			);
			runOnlyForDeploymentPostprocessing = 0;
		};
/* End PBXResourcesBuildPhase section */

/* Begin PBXSourcesBuildPhase section */
		6e68622680424572bf25678d3cc88614 /* Sources */ = {
			isa = PBXSourcesBuildPhase;
			buildActionMask = 2147483647;
			files = (
				7932c2d1b6d74ad6ac3c51fb758d535b /* HushApp.swift in Sources */,
				a3cf945c6d5e48e29b4b5677d21574da /* Sound.swift in Sources */,
				3bd70a1e87604fa381b3697ab6677b52 /* SoundCategory.swift in Sources */,
				1fa5b3eea075456a8481957f7fe247b6 /* SoundMixerViewModel.swift in Sources */,
				6084c9647e8a42569a9c432f1714e115 /* AudioEngineService.swift in Sources */,
				d9210b4c5e6f4839b2c3d4e5f6789012 /* HushMenuBarGlyphSync.swift in Sources */,
				db0415e7b87f47cf8200052c1b636fcc /* PopoverRootView.swift in Sources */,
				75c35287aaa34d679eba7244d03aa52c /* SoundRowView.swift in Sources */,
				c4c482d5fced491597e0053589765f40 /* CategorySectionView.swift in Sources */,
				37e2131de5bf43ffaa2e374dfa35ae66 /* HeaderView.swift in Sources */,
				bc721aefb25e49fc87eea460d81333fd /* TimerView.swift in Sources */,
				0e35ff4c341649489f43da96d0436d05 /* SettingsView.swift in Sources */,
				439c4e484661493fb7cbd3f404ceb137 /* AboutView.swift in Sources */,
				cc03dd04ee05ff06aa07bb08cc09dd10 /* ExpandableView.swift in Sources */,
				dd04ee05ff06aa07bb08cc09dd10ee11 /* AboutWindowManager.swift in Sources */,
				ee05ff06aa07bb08cc09dd10ee11ff12 /* PresetsView.swift in Sources */,
				1122334455667788990011223344556677 /* SoundPreset.swift in Sources */,
			);
			runOnlyForDeploymentPostprocessing = 0;
		};
/* End PBXSourcesBuildPhase section */

/* Begin XCBuildConfiguration section */
		2c0acbcf22c14a45ae373b43265e8d95 /* Release */ = {
			isa = XCBuildConfiguration;
			buildSettings = {
				ALWAYS_SEARCH_USER_PATHS = NO;
				CLANG_ANALYZER_NONNULL = YES;
				CLANG_ENABLE_MODULES = YES;
				DEBUG_INFORMATION_FORMAT = dwarf;
				ENABLE_STRICT_OBJC_MSGSEND = YES;
				GCC_C_LANGUAGE_STANDARD = gnu17;
				MACOSX_DEPLOYMENT_TARGET = 14.0;
				MTL_ENABLE_DEBUG_INFO = NO;
				SDKROOT = macosx;
				SWIFT_COMPILATION_MODE = wholemodule;
				SWIFT_EMIT_LOC_STRINGS = YES;
				SWIFT_VERSION = 5.0;
			};
			name = Release;
		};
		99604225d8a740d2b41b1c38c765927d /* Release */ = {
			isa = XCBuildConfiguration;
			buildSettings = {
				ASSETCATALOG_COMPILER_APPICON_NAME = AppIcon;
				CODE_SIGN_ENTITLEMENTS = Hush/HushApp.entitlements;
				CODE_SIGN_STYLE = Automatic;
				COMBINE_HIDPI_IMAGES = YES;
				COPY_PHASE_STRIP = NO;
				CURRENT_PROJECT_VERSION = 1;
				ENABLE_APP_SANDBOX = YES;
				ENABLE_HARDENED_RUNTIME = YES;
				ENABLE_INCOMING_NETWORK_CONNECTIONS = NO;
				ENABLE_OUTGOING_NETWORK_CONNECTIONS = NO;
				ENABLE_RESOURCE_ACCESS_AUDIO_INPUT = YES;
				ENABLE_RESOURCE_ACCESS_BLUETOOTH = NO;
				ENABLE_RESOURCE_ACCESS_CALENDARS = NO;
				ENABLE_RESOURCE_ACCESS_CAMERA = NO;
				ENABLE_RESOURCE_ACCESS_CONTACTS = NO;
				ENABLE_RESOURCE_ACCESS_LOCATION = NO;
				ENABLE_RESOURCE_ACCESS_PRINTING = NO;
				ENABLE_RESOURCE_ACCESS_USB = NO;
				GENERATE_INFOPLIST_FILE = NO;
				INFOPLIST_FILE = Hush/Info.plist;
				MACOSX_DEPLOYMENT_TARGET = 14.0;
				MARKETING_VERSION = 1.0;
				PRODUCT_BUNDLE_IDENTIFIER = com.hush.mac;
				PRODUCT_NAME = "$(TARGET_NAME)";
				SDKROOT = macosx;
				SWIFT_COMPILATION_MODE = wholemodule;
				SWIFT_VERSION = 5.0;
			};
			name = Release;
		};
		c0549f19fd1b49cc828112caf47195d3 /* Debug */ = {
			isa = XCBuildConfiguration;
			buildSettings = {
				ASSETCATALOG_COMPILER_APPICON_NAME = AppIcon;
				CODE_SIGN_ENTITLEMENTS = Hush/HushApp.entitlements;
				CODE_SIGN_STYLE = Automatic;
				COMBINE_HIDPI_IMAGES = YES;
				COPY_PHASE_STRIP = NO;
				CURRENT_PROJECT_VERSION = 1;
				ENABLE_APP_SANDBOX = YES;
				ENABLE_HARDENED_RUNTIME = YES;
				ENABLE_INCOMING_NETWORK_CONNECTIONS = NO;
				ENABLE_OUTGOING_NETWORK_CONNECTIONS = NO;
				ENABLE_RESOURCE_ACCESS_AUDIO_INPUT = YES;
				ENABLE_RESOURCE_ACCESS_BLUETOOTH = NO;
				ENABLE_RESOURCE_ACCESS_CALENDARS = NO;
				ENABLE_RESOURCE_ACCESS_CAMERA = NO;
				ENABLE_RESOURCE_ACCESS_CONTACTS = NO;
				ENABLE_RESOURCE_ACCESS_LOCATION = NO;
				ENABLE_RESOURCE_ACCESS_PRINTING = NO;
				ENABLE_RESOURCE_ACCESS_USB = NO;
				GCC_OPTIMIZATION_LEVEL = 0;
				GENERATE_INFOPLIST_FILE = NO;
				INFOPLIST_FILE = Hush/Info.plist;
				MACOSX_DEPLOYMENT_TARGET = 14.0;
				MARKETING_VERSION = 1.0;
				PRODUCT_BUNDLE_IDENTIFIER = com.hush.mac;
				PRODUCT_NAME = "$(TARGET_NAME)";
				SDKROOT = macosx;
				SWIFT_VERSION = 5.0;
			};
			name = Debug;
		};
		ece7cb1dcf144fde8ad385f1e1ff2439 /* Debug */ = {
			isa = XCBuildConfiguration;
			buildSettings = {
				ALWAYS_SEARCH_USER_PATHS = NO;
				CLANG_ANALYZER_NONNULL = YES;
				CLANG_ENABLE_MODULES = YES;
				DEBUG_INFORMATION_FORMAT = dwarf;
				ENABLE_STRICT_OBJC_MSGSEND = YES;
				GCC_C_LANGUAGE_STANDARD = gnu17;
				MACOSX_DEPLOYMENT_TARGET = 14.0;
				MTL_ENABLE_DEBUG_INFO = INCLUDE_SOURCE;
				ONLY_ACTIVE_ARCH = YES;
				SDKROOT = macosx;
				SWIFT_EMIT_LOC_STRINGS = YES;
				SWIFT_VERSION = 5.0;
			};
			name = Debug;
		};
/* End XCBuildConfiguration section */

/* Begin XCConfigurationList section */
		05427611991d46a4bb166850755b15cb /* Build configuration list for PBXNativeTarget "Hush" */ = {
			isa = XCConfigurationList;
			buildConfigurations = (
				c0549f19fd1b49cc828112caf47195d3 /* Debug */,
				99604225d8a740d2b41b1c38c765927d /* Release */,
			);
			defaultConfigurationIsVisible = 0;
			defaultConfigurationName = Release;
		};
		40a127a65a7c4f6f99fc562814e27181 /* Build configuration list for PBXProject "Hush" */ = {
			isa = XCConfigurationList;
			buildConfigurations = (
				ece7cb1dcf144fde8ad385f1e1ff2439 /* Debug */,
				2c0acbcf22c14a45ae373b43265e8d95 /* Release */,
			);
			defaultConfigurationIsVisible = 0;
			defaultConfigurationName = Release;
		};
/* End XCConfigurationList section */

/* Begin XCRemoteSwiftPackageReference section */
		a91f2d3c4b5e6f708192a3b4c5d6e7f0 /* XCRemoteSwiftPackageReference "FluidMenuBarExtra" */ = {
			isa = XCRemoteSwiftPackageReference;
			repositoryURL = "https://github.com/wadetregaskis/FluidMenuBarExtra";
			requirement = {
				kind = upToNextMajorVersion;
				minimumVersion = 1.0.0;
			};
		};
		f1e2d3c4b5a6978869504130 /* XCRemoteSwiftPackageReference "MarkdownView" */ = {
			isa = XCRemoteSwiftPackageReference;
			repositoryURL = "https://github.com/LiYanan2004/MarkdownView";
			requirement = {
				kind = upToNextMajorVersion;
				minimumVersion = 2.0.0;
			};
		};
/* End XCRemoteSwiftPackageReference section */

/* Begin XCSwiftPackageProductDependency section */
		a91f2d3c4b5e6f708192a3b4c5d6e7f1 /* FluidMenuBarExtra */ = {
			isa = XCSwiftPackageProductDependency;
			package = a91f2d3c4b5e6f708192a3b4c5d6e7f0 /* XCRemoteSwiftPackageReference "FluidMenuBarExtra" */;
			productName = FluidMenuBarExtra;
		};
		f1e2d3c4b5a6978869504131 /* MarkdownView */ = {
			isa = XCSwiftPackageProductDependency;
			package = f1e2d3c4b5a6978869504130 /* XCRemoteSwiftPackageReference "MarkdownView" */;
			productName = MarkdownView;
		};
/* End XCSwiftPackageProductDependency section */
	};
	rootObject = bf2cb62903c64a549e10780a8df0d5b9 /* Project object */;
}
